
Microsoft Visual Studio Solution File, Format Version 12.00
# Visual Studio Version 16
VisualStudioVersion = 16.0.31911.196
MinimumVisualStudioVersion = 10.0.40219.1
Project("{FAE04EC0-301F-11D3-BF4B-00C04F79EFBC}") = "Wpf_task_14", "Wpf_task_14\Wpf_task_14.csproj", "{95A75BC4-6FA0-4DA3-8E11-31A2342F8CED}"
EndProject
Global
	GlobalSection(SolutionConfigurationPlatforms) = preSolution
		Debug|Any CPU = Debug|Any CPU
		Release|Any CPU = Release|Any CPU
	EndGlobalSection
	GlobalSection(ProjectConfigurationPlatforms) = postSolution
		{95A75BC4-6FA0-4DA3-8E11-31A2342F8CED}.Debug|Any CPU.ActiveCfg = Debug|Any CPU
		{95A75BC4-6FA0-4DA3-8E11-31A2342F8CED}.Debug|Any CPU.Build.0 = Debug|Any CPU
		{95A75BC4-6FA0-4DA3-8E11-31A2342F8CED}.Release|Any CPU.ActiveCfg = Release|Any CPU
		{95A75BC4-6FA0-4DA3-8E11-31A2342F8CED}.Release|Any CPU.Build.0 = Release|Any CPU
	EndGlobalSection
	GlobalSection(SolutionProperties) = preSolution
		HideSolutionNode = FALSE
	EndGlobalSection
	GlobalSection(ExtensibilityGlobals) = postSolution
		SolutionGuid = {D047AD21-6474-4D31-B9A5-019FF820C20F}
	EndGlobalSection
EndGlobal
